{
  "name": "skillsissue-agent-clis",
  "version": "1.0.0",
  "lockfileVersion": 3,
  "requires": true,
  "packages": {
    "": {
      "name": "skillsissue-agent-clis",
      "version": "1.0.0",
      "dependencies": {
        "@anthropic-ai/claude-code": "2.1.202",
        "@openai/codex": "0.141.0"
      }
    },
    "node_modules/@anthropic-ai/claude-code": {
      "version": "2.1.202",
      "resolved": "https://registry.npmjs.org/@anthropic-ai/claude-code/-/claude-code-2.1.202.tgz",
      "integrity": "sha512-70Hcc/NJuME3KEQ/TnkF1ITrb7iZpB0WHZ/LVr1EZj6TKOrrZuEnx19ZX+3jMPrTBipCf+n39HKyi8N31qa9ew==",
      "hasInstallScript": true,
      "license": "SEE LICENSE IN README.md",
      "bin": {
        "claude": "bin/claude.exe"
      },
      "engines": {
        "node": ">=22.0.0"
      },
      "optionalDependencies": {
        "@anthropic-ai/claude-code-darwin-arm64": "2.1.202",
        "@anthropic-ai/claude-code-darwin-x64": "2.1.202",
        "@anthropic-ai/claude-code-linux-arm64": "2.1.202",
        "@anthropic-ai/claude-code-linux-arm64-musl": "2.1.202",
        "@anthropic-ai/claude-code-linux-x64": "2.1.202",
        "@anthropic-ai/claude-code-linux-x64-musl": "2.1.202",
        "@anthropic-ai/claude-code-win32-arm64": "2.1.202",
        "@anthropic-ai/claude-code-win32-x64": "2.1.202"
      }
    },
    "node_modules/@anthropic-ai/claude-code-darwin-arm64": {
      "version": "2.1.202",
      "resolved": "https://registry.npmjs.org/@anthropic-ai/claude-code-darwin-arm64/-/claude-code-darwin-arm64-2.1.202.tgz",
      "integrity": "sha512-H3C32WzVDBjfuiQ805iB0chMCF2PTlArwLv0AbjO2Z3dF82dYXrxihfvcUDBz2Zl1WfFKqSoJVPa4FdS+N3ddA==",
      "cpu": [
        "arm64"
      ],
      "license": "SEE LICENSE IN LICENSE.md",
      "optional": true,
      "os": [
        "darwin"
      ]
    },
    "node_modules/@anthropic-ai/claude-code-darwin-x64": {
      "version": "2.1.202",
      "resolved": "https://registry.npmjs.org/@anthropic-ai/claude-code-darwin-x64/-/claude-code-darwin-x64-2.1.202.tgz",
      "integrity": "sha512-nETXm+FzgqOs1M7W+99KsyLjjaZ2sgNUnohxYJ7Hu6hI/ryCj2vYJH+aZiHcN1twKyPlafb0n+SMzlfc0vwlkw==",
      "cpu": [
        "x64"
      ],
      "license": "SEE LICENSE IN LICENSE.md",
      "optional": true,
      "os": [
        "darwin"
      ]
    },
    "node_modules/@anthropic-ai/claude-code-linux-arm64": {
      "version": "2.1.202",
      "resolved": "https://registry.npmjs.org/@anthropic-ai/claude-code-linux-arm64/-/claude-code-linux-arm64-2.1.202.tgz",
      "integrity": "sha512-9UBnDApKhqiUT3iX3i4hU8P4BztWvQkM5ZiLNBXPS4B9yBRrTc68fYG/I3WxC7Gt/+cV5ekTSGf8GUmMVpoERQ==",
      "cpu": [
        "arm64"
      ],
      "libc": [
        "glibc"
      ],
      "license": "SEE LICENSE IN LICENSE.md",
      "optional": true,
      "os": [
        "linux"
      ]
    },
    "node_modules/@anthropic-ai/claude-code-linux-arm64-musl": {
      "version": "2.1.202",
      "resolved": "https://registry.npmjs.org/@anthropic-ai/claude-code-linux-arm64-musl/-/claude-code-linux-arm64-musl-2.1.202.tgz",
      "integrity": "sha512-Rw/lMbvoIUhum95LJz5nH/texhfZr1/5tbdd9O3gaeK+J7GFTlz1SJNN6JTPFl9TvGUiaItE7ImmnIV8brdBUg==",
      "cpu": [
        "arm64"
      ],
      "libc": [
        "musl"
      ],
      "license": "SEE LICENSE IN LICENSE.md",
      "optional": true,
      "os": [
        "linux"
      ]
    },
    "node_modules/@anthropic-ai/claude-code-linux-x64": {
      "version": "2.1.202",
      "resolved": "https://registry.npmjs.org/@anthropic-ai/claude-code-linux-x64/-/claude-code-linux-x64-2.1.202.tgz",
      "integrity": "sha512-R1nOSR/F0KkASK5rob/MQPpTmHi8/JvSrSbEDH29xlMWZCfwfeJyFsxhDY6qPG3fnKZFqpS1SMC8rohCiPwIxQ==",
      "cpu": [
        "x64"
      ],
      "libc": [
        "glibc"
      ],
      "license": "SEE LICENSE IN LICENSE.md",
      "optional": true,
      "os": [
        "linux"
      ]
    },
    "node_modules/@anthropic-ai/claude-code-linux-x64-musl": {
      "version": "2.1.202",
      "resolved": "https://registry.npmjs.org/@anthropic-ai/claude-code-linux-x64-musl/-/claude-code-linux-x64-musl-2.1.202.tgz",
      "integrity": "sha512-Vqt4PCWM04OCI8xQnVEIReT2ay/P2TUjCyeGadjcm2tndE5hdJBdqPHKYhAI9ON/VjjWHBt6bYjsuZNWOGmuBA==",
      "cpu": [
        "x64"
      ],
      "libc": [
        "musl"
      ],
      "license": "SEE LICENSE IN LICENSE.md",
      "optional": true,
      "os": [
        "linux"
      ]
    },
    "node_modules/@anthropic-ai/claude-code-win32-arm64": {
      "version": "2.1.202",
      "resolved": "https://registry.npmjs.org/@anthropic-ai/claude-code-win32-arm64/-/claude-code-win32-arm64-2.1.202.tgz",
      "integrity": "sha512-rEt9CcM0288tDW7QDZhV4udigP5Iz2EEklIlyns1yzZVrOZDIK/uGUSofJJ8Cv4eqbhNEA4R6dEXB+ErQ7AMsw==",
      "cpu": [
        "arm64"
      ],
      "license": "SEE LICENSE IN LICENSE.md",
      "optional": true,
      "os": [
        "win32"
      ]
    },
    "node_modules/@anthropic-ai/claude-code-win32-x64": {
      "version": "2.1.202",
      "resolved": "https://registry.npmjs.org/@anthropic-ai/claude-code-win32-x64/-/claude-code-win32-x64-2.1.202.tgz",
      "integrity": "sha512-Bss85HFpxFtIAwIpw5sG+r91S4PpcanckZ3Ei1zRO0RM71NMzQ2LDONmS/eSfhsAFEQuSVBQlx7O5c7D2d7Otw==",
      "cpu": [
        "x64"
      ],
      "license": "SEE LICENSE IN LICENSE.md",
      "optional": true,
      "os": [
        "win32"
      ]
    },
    "node_modules/@openai/codex": {
      "version": "0.141.0",
      "resolved": "https://registry.npmjs.org/@openai/codex/-/codex-0.141.0.tgz",
      "integrity": "sha512-ACpAn/Z7JwBg431040zKOLpBtNdP024ixqwC/R2YM5tPrLG0wfSmrd/AVHPUExt6hOO6fEHwxM/ixAyzFleQXw==",
      "license": "Apache-2.0",
      "bin": {
        "codex": "bin/codex.js"
      },
      "engines": {
        "node": ">=16"
      },
      "optionalDependencies": {
        "@openai/codex-darwin-arm64": "npm:@openai/codex@0.141.0-darwin-arm64",
        "@openai/codex-darwin-x64": "npm:@openai/codex@0.141.0-darwin-x64",
        "@openai/codex-linux-arm64": "npm:@openai/codex@0.141.0-linux-arm64",
        "@openai/codex-linux-x64": "npm:@openai/codex@0.141.0-linux-x64",
        "@openai/codex-win32-arm64": "npm:@openai/codex@0.141.0-win32-arm64",
        "@openai/codex-win32-x64": "npm:@openai/codex@0.141.0-win32-x64"
      }
    },
    "node_modules/@openai/codex-darwin-arm64": {
      "name": "@openai/codex",
      "version": "0.141.0-darwin-arm64",
      "resolved": "https://registry.npmjs.org/@openai/codex/-/codex-0.141.0-darwin-arm64.tgz",
      "integrity": "sha512-BuroZvQQLJYLfQEG7MKMdxHtggDDlxeJCTot//MwEnbW8ga7P319EPos/FyOK9r/gh+E/KGxk+YAzEoHZPRGEg==",
      "cpu": [
        "arm64"
      ],
      "license": "Apache-2.0",
      "optional": true,
      "os": [
        "darwin"
      ],
      "engines": {
        "node": ">=16"
      }
    },
    "node_modules/@openai/codex-darwin-x64": {
      "name": "@openai/codex",
      "version": "0.141.0-darwin-x64",
      "resolved": "https://registry.npmjs.org/@openai/codex/-/codex-0.141.0-darwin-x64.tgz",
      "integrity": "sha512-kDP+egfjp3cuao1r9AdD8/skBxM7saT007VE82DB9mRUcqgKaxYHoPaHmKhlYOlFwPam0zsD6ORT6GJJhvGAKg==",
      "cpu": [
        "x64"
      ],
      "license": "Apache-2.0",
      "optional": true,
      "os": [
        "darwin"
      ],
      "engines": {
        "node": ">=16"
      }
    },
    "node_modules/@openai/codex-linux-arm64": {
      "name": "@openai/codex",
      "version": "0.141.0-linux-arm64",
      "resolved": "https://registry.npmjs.org/@openai/codex/-/codex-0.141.0-linux-arm64.tgz",
      "integrity": "sha512-jXAOSjMqAUUgfMo9ciAkioJKKAYDwOE40bLx4/2jR7Tfu4u9409X5fQlLuNLMgnlfuzUEk/UiibQE62a70bQaw==",
      "cpu": [
        "arm64"
      ],
      "license": "Apache-2.0",
      "optional": true,
      "os": [
        "linux"
      ],
      "engines": {
        "node": ">=16"
      }
    },
    "node_modules/@openai/codex-linux-x64": {
      "name": "@openai/codex",
      "version": "0.141.0-linux-x64",
      "resolved": "https://registry.npmjs.org/@openai/codex/-/codex-0.141.0-linux-x64.tgz",
      "integrity": "sha512-q3xv538DT/Sb8rRq8apdKgrgA/isqs1fDfE5JhRDMmojYFA3zwDldlmdWWGdS3APtjf5UrDsqljSE9JHxnlWNA==",
      "cpu": [
        "x64"
      ],
      "license": "Apache-2.0",
      "optional": true,
      "os": [
        "linux"
      ],
      "engines": {
        "node": ">=16"
      }
    },
    "node_modules/@openai/codex-win32-arm64": {
      "name": "@openai/codex",
      "version": "0.141.0-win32-arm64",
      "resolved": "https://registry.npmjs.org/@openai/codex/-/codex-0.141.0-win32-arm64.tgz",
      "integrity": "sha512-87X5tvH1RmKQOHbgO5Cv+S0aXJ+saHTSSHEasJjbB1FtUoLbao29NTnkpkB2dAV3xtUJ/dmE8NgvbFEeWuMqUQ==",
      "cpu": [
        "arm64"
      ],
      "license": "Apache-2.0",
      "optional": true,
      "os": [
        "win32"
      ],
      "engines": {
        "node": ">=16"
      }
    },
    "node_modules/@openai/codex-win32-x64": {
      "name": "@openai/codex",
      "version": "0.141.0-win32-x64",
      "resolved": "https://registry.npmjs.org/@openai/codex/-/codex-0.141.0-win32-x64.tgz",
      "integrity": "sha512-4gur4DgFQIOc+DopNOI90IpNA66qBIyc5Lb5QYy66OOCXOvXpbOCpScuEFmT1xpaTzNUYhlRGA2NFWqSHQrKUQ==",
      "cpu": [
        "x64"
      ],
      "license": "Apache-2.0",
      "optional": true,
      "os": [
        "win32"
      ],
      "engines": {
        "node": ">=16"
      }
    }
  }
}
